
Microsoft Visual Studio Solution File, Format Version 12.00
# Visual Studio 15
VisualStudioVersion = 15.0.28307.106
MinimumVisualStudioVersion = 10.0.40219.1
Project("{FAE04EC0-301F-11D3-BF4B-00C04F79EFBC}") = "RestaurantRoom", "Masterchief\RestaurantRoom.csproj", "{A74997A7-4F8C-493F-9175-56D9FF2BD372}"
EndProject
Project("{FAE04EC0-301F-11D3-BF4B-00C04F79EFBC}") = "Kitchen", "Kitchen\Kitchen.csproj", "{6D4C29FB-CA5D-43AB-BB25-282D9E0CFDD6}"
EndProject
Global
	GlobalSection(SolutionConfigurationPlatforms) = preSolution
		Debug|Any CPU = Debug|Any CPU
		Release|Any CPU = Release|Any CPU
	EndGlobalSection
	GlobalSection(ProjectConfigurationPlatforms) = postSolution
		{A74997A7-4F8C-493F-9175-56D9FF2BD372}.Debug|Any CPU.ActiveCfg = Debug|Any CPU
		{A74997A7-4F8C-493F-9175-56D9FF2BD372}.Debug|Any CPU.Build.0 = Debug|Any CPU
		{A74997A7-4F8C-493F-9175-56D9FF2BD372}.Release|Any CPU.ActiveCfg = Release|Any CPU
		{A74997A7-4F8C-493F-9175-56D9FF2BD372}.Release|Any CPU.Build.0 = Release|Any CPU
		{6D4C29FB-CA5D-43AB-BB25-282D9E0CFDD6}.Debug|Any CPU.ActiveCfg = Debug|Any CPU
		{6D4C29FB-CA5D-43AB-BB25-282D9E0CFDD6}.Debug|Any CPU.Build.0 = Debug|Any CPU
		{6D4C29FB-CA5D-43AB-BB25-282D9E0CFDD6}.Release|Any CPU.ActiveCfg = Release|Any CPU
		{6D4C29FB-CA5D-43AB-BB25-282D9E0CFDD6}.Release|Any CPU.Build.0 = Release|Any CPU
	EndGlobalSection
	GlobalSection(SolutionProperties) = preSolution
		HideSolutionNode = FALSE
	EndGlobalSection
	GlobalSection(ExtensibilityGlobals) = postSolution
		SolutionGuid = {31FAE672-842B-4160-95D2-D1288EA4D674}
	EndGlobalSection
EndGlobal
